
Microsoft Visual Studio Solution File, Format Version 12.00
# Visual Studio 2012
Project("{FAE04EC0-301F-11D3-BF4B-00C04F79EFBC}") = "nb", "nb\nb.csproj", "{1BAAF0B1-E82A-4F83-B6D4-310EA0DBDFF9}"
EndProject
Project("{FAE04EC0-301F-11D3-BF4B-00C04F79EFBC}") = "nb.Tests", "nb.Tests\nb.Tests.csproj", "{B263D8E3-5DC5-4689-8119-08B534DB0DC7}"
EndProject
Project("{FAE04EC0-301F-11D3-BF4B-00C04F79EFBC}") = "nb.Infrastructure", "nb.Infrastructure\nb.Infrastructure.csproj", "{638C6B8E-D2C4-4DF0-9F26-EFC9E364EE89}"
EndProject
Project("{FAE04EC0-301F-11D3-BF4B-00C04F79EFBC}") = "nb.Models", "nb.Models\nb.Models.csproj", "{9D9CAB0C-7F77-4232-9E3D-E7B65B130435}"
EndProject
Project("{2150E333-8FDC-42A3-9474-1A3956D46DE8}") = "App_Data", "App_Data", "{11B91C53-4091-4F67-B159-8FE64336ABDD}"
EndProject
Global
	GlobalSection(SolutionConfigurationPlatforms) = preSolution
		Debug|Any CPU = Debug|Any CPU
		Release|Any CPU = Release|Any CPU
	EndGlobalSection
	GlobalSection(ProjectConfigurationPlatforms) = postSolution
		{1BAAF0B1-E82A-4F83-B6D4-310EA0DBDFF9}.Debug|Any CPU.ActiveCfg = Debug|Any CPU
		{1BAAF0B1-E82A-4F83-B6D4-310EA0DBDFF9}.Debug|Any CPU.Build.0 = Debug|Any CPU
		{1BAAF0B1-E82A-4F83-B6D4-310EA0DBDFF9}.Release|Any CPU.ActiveCfg = Release|Any CPU
		{1BAAF0B1-E82A-4F83-B6D4-310EA0DBDFF9}.Release|Any CPU.Build.0 = Release|Any CPU
		{B263D8E3-5DC5-4689-8119-08B534DB0DC7}.Debug|Any CPU.ActiveCfg = Debug|Any CPU
		{B263D8E3-5DC5-4689-8119-08B534DB0DC7}.Debug|Any CPU.Build.0 = Debug|Any CPU
		{B263D8E3-5DC5-4689-8119-08B534DB0DC7}.Release|Any CPU.ActiveCfg = Release|Any CPU
		{B263D8E3-5DC5-4689-8119-08B534DB0DC7}.Release|Any CPU.Build.0 = Release|Any CPU
		{638C6B8E-D2C4-4DF0-9F26-EFC9E364EE89}.Debug|Any CPU.ActiveCfg = Debug|Any CPU
		{638C6B8E-D2C4-4DF0-9F26-EFC9E364EE89}.Debug|Any CPU.Build.0 = Debug|Any CPU
		{638C6B8E-D2C4-4DF0-9F26-EFC9E364EE89}.Release|Any CPU.ActiveCfg = Release|Any CPU
		{638C6B8E-D2C4-4DF0-9F26-EFC9E364EE89}.Release|Any CPU.Build.0 = Release|Any CPU
		{9D9CAB0C-7F77-4232-9E3D-E7B65B130435}.Debug|Any CPU.ActiveCfg = Debug|Any CPU
		{9D9CAB0C-7F77-4232-9E3D-E7B65B130435}.Debug|Any CPU.Build.0 = Debug|Any CPU
		{9D9CAB0C-7F77-4232-9E3D-E7B65B130435}.Release|Any CPU.ActiveCfg = Release|Any CPU
		{9D9CAB0C-7F77-4232-9E3D-E7B65B130435}.Release|Any CPU.Build.0 = Release|Any CPU
	EndGlobalSection
EndGlobal
